
Microsoft Visual Studio Solution File, Format Version 12.00
# Visual Studio 15
VisualStudioVersion = 15.0.27004.2005
MinimumVisualStudioVersion = 10.0.40219.1
Project("{FAE04EC0-301F-11D3-BF4B-00C04F79EFBC}") = "LiquidTearPortal", "LiquidTearPortal\LiquidTearPortal.csproj", "{ACCDAD1C-4C29-4C62-A489-3472CE753093}"
EndProject
Global
	GlobalSection(SolutionConfigurationPlatforms) = preSolution
		Debug|Any CPU = Debug|Any CPU
		Release|Any CPU = Release|Any CPU
	EndGlobalSection
	GlobalSection(ProjectConfigurationPlatforms) = postSolution
		{ACCDAD1C-4C29-4C62-A489-3472CE753093}.Debug|Any CPU.ActiveCfg = Debug|Any CPU
		{ACCDAD1C-4C29-4C62-A489-3472CE753093}.Debug|Any CPU.Build.0 = Debug|Any CPU
		{ACCDAD1C-4C29-4C62-A489-3472CE753093}.Release|Any CPU.ActiveCfg = Release|Any CPU
		{ACCDAD1C-4C29-4C62-A489-3472CE753093}.Release|Any CPU.Build.0 = Release|Any CPU
	EndGlobalSection
	GlobalSection(SolutionProperties) = preSolution
		HideSolutionNode = FALSE
	EndGlobalSection
	GlobalSection(ExtensibilityGlobals) = postSolution
		SolutionGuid = {CB84DFD2-32E5-4537-BC45-1A5DD9232805}
	EndGlobalSection
EndGlobal
